
Microsoft Visual Studio Solution File, Format Version 12.00
# Visual Studio 2012
Project("{FAE04EC0-301F-11D3-BF4B-00C04F79EFBC}") = "01.ConsoleManipulation", "01.ConsoleManipulation\01.ConsoleManipulation.csproj", "{6F7AEB4A-2345-4947-8842-BC5BF6E41925}"
EndProject
Project("{FAE04EC0-301F-11D3-BF4B-00C04F79EFBC}") = "02.DateTimeManipulation", "02.DateTimeManipulation\02.DateTimeManipulation.csproj", "{8515BA4C-9D2B-4E1B-917C-BEF7E0B0A33C}"
EndProject
Project("{FAE04EC0-301F-11D3-BF4B-00C04F79EFBC}") = "03.MathManipulation", "03.MathManipulation\03.MathManipulation.csproj", "{D9FB8CA7-024E-4EDF-A36D-4E998B78BC5D}"
EndProject
Global
	GlobalSection(SolutionConfigurationPlatforms) = preSolution
		Debug|Any CPU = Debug|Any CPU
		Release|Any CPU = Release|Any CPU
	EndGlobalSection
	GlobalSection(ProjectConfigurationPlatforms) = postSolution
		{6F7AEB4A-2345-4947-8842-BC5BF6E41925}.Debug|Any CPU.ActiveCfg = Debug|Any CPU
		{6F7AEB4A-2345-4947-8842-BC5BF6E41925}.Debug|Any CPU.Build.0 = Debug|Any CPU
		{6F7AEB4A-2345-4947-8842-BC5BF6E41925}.Release|Any CPU.ActiveCfg = Release|Any CPU
		{6F7AEB4A-2345-4947-8842-BC5BF6E41925}.Release|Any CPU.Build.0 = Release|Any CPU
		{8515BA4C-9D2B-4E1B-917C-BEF7E0B0A33C}.Debug|Any CPU.ActiveCfg = Debug|Any CPU
		{8515BA4C-9D2B-4E1B-917C-BEF7E0B0A33C}.Debug|Any CPU.Build.0 = Debug|Any CPU
		{8515BA4C-9D2B-4E1B-917C-BEF7E0B0A33C}.Release|Any CPU.ActiveCfg = Release|Any CPU
		{8515BA4C-9D2B-4E1B-917C-BEF7E0B0A33C}.Release|Any CPU.Build.0 = Release|Any CPU
		{D9FB8CA7-024E-4EDF-A36D-4E998B78BC5D}.Debug|Any CPU.ActiveCfg = Debug|Any CPU
		{D9FB8CA7-024E-4EDF-A36D-4E998B78BC5D}.Debug|Any CPU.Build.0 = Debug|Any CPU
		{D9FB8CA7-024E-4EDF-A36D-4E998B78BC5D}.Release|Any CPU.ActiveCfg = Release|Any CPU
		{D9FB8CA7-024E-4EDF-A36D-4E998B78BC5D}.Release|Any CPU.Build.0 = Release|Any CPU
	EndGlobalSection
	GlobalSection(SolutionProperties) = preSolution
		HideSolutionNode = FALSE
	EndGlobalSection
EndGlobal
