
Microsoft Visual Studio Solution File, Format Version 11.00
# Visual Studio 2010
Project("{FAE04EC0-301F-11D3-BF4B-00C04F79EFBC}") = "1. ArithmeticOperators", "ArithmeticOperators\1. ArithmeticOperators.csproj", "{DC204D3D-8C90-473A-81BD-69AC4C84854A}"
EndProject
Project("{FAE04EC0-301F-11D3-BF4B-00C04F79EFBC}") = "2. LogicalOperators", "LogicalOperators\2. LogicalOperators.csproj", "{8C77265B-C7B5-42F0-B003-E03D80A64472}"
EndProject
Project("{FAE04EC0-301F-11D3-BF4B-00C04F79EFBC}") = "5. OtherOperators", "OtherOperators\5. OtherOperators.csproj", "{F98457E5-8A2A-48BF-B448-5E65A3FB6F19}"
EndProject
Project("{FAE04EC0-301F-11D3-BF4B-00C04F79EFBC}") = "3. BitwiseOperators", "BitwiseOperators\3. BitwiseOperators.csproj", "{E8C5ED03-6B66-4DC5-8C06-1BA7424D8929}"
EndProject
Project("{FAE04EC0-301F-11D3-BF4B-00C04F79EFBC}") = "4. ComparisonAndAssignmentOperators", "ComparisonAndAssignmentOperators\4. ComparisonAndAssignmentOperators.csproj", "{4A0174D1-D796-4E15-A89B-EE644AC56127}"
EndProject
Project("{FAE04EC0-301F-11D3-BF4B-00C04F79EFBC}") = "6. TypeConversions", "TypeConversions\6. TypeConversions.csproj", "{6CEA4546-F9B7-444F-8CE4-727AE5C274EF}"
EndProject
Project("{FAE04EC0-301F-11D3-BF4B-00C04F79EFBC}") = "7. Expressions", "Expressions\7. Expressions.csproj", "{9623F074-636C-42B5-9623-0F6CC37C2935}"
EndProject
Global
	GlobalSection(SolutionConfigurationPlatforms) = preSolution
		Debug|Any CPU = Debug|Any CPU
		Release|Any CPU = Release|Any CPU
	EndGlobalSection
	GlobalSection(ProjectConfigurationPlatforms) = postSolution
		{DC204D3D-8C90-473A-81BD-69AC4C84854A}.Debug|Any CPU.ActiveCfg = Debug|Any CPU
		{DC204D3D-8C90-473A-81BD-69AC4C84854A}.Debug|Any CPU.Build.0 = Debug|Any CPU
		{DC204D3D-8C90-473A-81BD-69AC4C84854A}.Release|Any CPU.ActiveCfg = Release|Any CPU
		{DC204D3D-8C90-473A-81BD-69AC4C84854A}.Release|Any CPU.Build.0 = Release|Any CPU
		{8C77265B-C7B5-42F0-B003-E03D80A64472}.Debug|Any CPU.ActiveCfg = Debug|Any CPU
		{8C77265B-C7B5-42F0-B003-E03D80A64472}.Debug|Any CPU.Build.0 = Debug|Any CPU
		{8C77265B-C7B5-42F0-B003-E03D80A64472}.Release|Any CPU.ActiveCfg = Release|Any CPU
		{8C77265B-C7B5-42F0-B003-E03D80A64472}.Release|Any CPU.Build.0 = Release|Any CPU
		{F98457E5-8A2A-48BF-B448-5E65A3FB6F19}.Debug|Any CPU.ActiveCfg = Debug|Any CPU
		{F98457E5-8A2A-48BF-B448-5E65A3FB6F19}.Debug|Any CPU.Build.0 = Debug|Any CPU
		{F98457E5-8A2A-48BF-B448-5E65A3FB6F19}.Release|Any CPU.ActiveCfg = Release|Any CPU
		{F98457E5-8A2A-48BF-B448-5E65A3FB6F19}.Release|Any CPU.Build.0 = Release|Any CPU
		{E8C5ED03-6B66-4DC5-8C06-1BA7424D8929}.Debug|Any CPU.ActiveCfg = Debug|Any CPU
		{E8C5ED03-6B66-4DC5-8C06-1BA7424D8929}.Debug|Any CPU.Build.0 = Debug|Any CPU
		{E8C5ED03-6B66-4DC5-8C06-1BA7424D8929}.Release|Any CPU.ActiveCfg = Release|Any CPU
		{E8C5ED03-6B66-4DC5-8C06-1BA7424D8929}.Release|Any CPU.Build.0 = Release|Any CPU
		{4A0174D1-D796-4E15-A89B-EE644AC56127}.Debug|Any CPU.ActiveCfg = Debug|Any CPU
		{4A0174D1-D796-4E15-A89B-EE644AC56127}.Debug|Any CPU.Build.0 = Debug|Any CPU
		{4A0174D1-D796-4E15-A89B-EE644AC56127}.Release|Any CPU.ActiveCfg = Release|Any CPU
		{4A0174D1-D796-4E15-A89B-EE644AC56127}.Release|Any CPU.Build.0 = Release|Any CPU
		{6CEA4546-F9B7-444F-8CE4-727AE5C274EF}.Debug|Any CPU.ActiveCfg = Debug|Any CPU
		{6CEA4546-F9B7-444F-8CE4-727AE5C274EF}.Debug|Any CPU.Build.0 = Debug|Any CPU
		{6CEA4546-F9B7-444F-8CE4-727AE5C274EF}.Release|Any CPU.ActiveCfg = Release|Any CPU
		{6CEA4546-F9B7-444F-8CE4-727AE5C274EF}.Release|Any CPU.Build.0 = Release|Any CPU
		{9623F074-636C-42B5-9623-0F6CC37C2935}.Debug|Any CPU.ActiveCfg = Debug|Any CPU
		{9623F074-636C-42B5-9623-0F6CC37C2935}.Debug|Any CPU.Build.0 = Debug|Any CPU
		{9623F074-636C-42B5-9623-0F6CC37C2935}.Release|Any CPU.ActiveCfg = Release|Any CPU
		{9623F074-636C-42B5-9623-0F6CC37C2935}.Release|Any CPU.Build.0 = Release|Any CPU
	EndGlobalSection
	GlobalSection(SolutionProperties) = preSolution
		HideSolutionNode = FALSE
	EndGlobalSection
EndGlobal
