
Microsoft Visual Studio Solution File, Format Version 12.00
# Visual Studio 2013
VisualStudioVersion = 12.0.20827.3
MinimumVisualStudioVersion = 10.0.40219.1
Project("{FAE04EC0-301F-11D3-BF4B-00C04F79EFBC}") = "01. IntegerTypes", "IntegerTypes\01. IntegerTypes.csproj", "{983BC123-4B4F-4436-85E4-766E8281DFA8}"
EndProject
Project("{FAE04EC0-301F-11D3-BF4B-00C04F79EFBC}") = "02. FloatingPointTypes", "FloatingPointTypes\02. FloatingPointTypes.csproj", "{ED0A8348-1083-43A0-ABF3-9C6E1A7F0548}"
EndProject
Project("{FAE04EC0-301F-11D3-BF4B-00C04F79EFBC}") = "03. BooleanType", "BooleanType\03. BooleanType.csproj", "{4225EE46-10B3-4AA2-BFFF-3F0A2F7AE146}"
EndProject
Project("{FAE04EC0-301F-11D3-BF4B-00C04F79EFBC}") = "04. CharacterType", "Characters\04. CharacterType.csproj", "{A1218C7D-8170-42FB-821D-D9CDAB5573EB}"
EndProject
Project("{FAE04EC0-301F-11D3-BF4B-00C04F79EFBC}") = "05. StringType", "Strings\05. StringType.csproj", "{FDCE8BC0-047B-486A-BBF0-61F5477A74B6}"
EndProject
Project("{FAE04EC0-301F-11D3-BF4B-00C04F79EFBC}") = "06. Objects", "Objects\06. Objects.csproj", "{117B7C67-7C97-4DF4-B221-35722B3E0A7D}"
EndProject
Project("{FAE04EC0-301F-11D3-BF4B-00C04F79EFBC}") = "07. AssigningValues", "AssigningValues\07. AssigningValues.csproj", "{A4FB3FF8-BFC6-46CD-94C5-E83731FF231D}"
EndProject
Project("{FAE04EC0-301F-11D3-BF4B-00C04F79EFBC}") = "08. StringLiterals", "StringLiterals\08. StringLiterals.csproj", "{23831299-DF1E-4BD4-B9B0-2AF6B4432BB2}"
EndProject
Project("{FAE04EC0-301F-11D3-BF4B-00C04F79EFBC}") = "09. NullableTypes", "NullableTypes\09. NullableTypes.csproj", "{3479C1C7-15B5-4277-ADF7-5321E59251A4}"
EndProject
Project("{FAE04EC0-301F-11D3-BF4B-00C04F79EFBC}") = "10. DynamicTypes", "DynamicType\10. DynamicTypes.csproj", "{D6FA847C-00A0-4493-B1F4-1A12C431CADD}"
EndProject
Global
	GlobalSection(SolutionConfigurationPlatforms) = preSolution
		Debug|Any CPU = Debug|Any CPU
		Debug|Mixed Platforms = Debug|Mixed Platforms
		Debug|x86 = Debug|x86
		Release|Any CPU = Release|Any CPU
		Release|Mixed Platforms = Release|Mixed Platforms
		Release|x86 = Release|x86
	EndGlobalSection
	GlobalSection(ProjectConfigurationPlatforms) = postSolution
		{983BC123-4B4F-4436-85E4-766E8281DFA8}.Debug|Any CPU.ActiveCfg = Debug|Any CPU
		{983BC123-4B4F-4436-85E4-766E8281DFA8}.Debug|Any CPU.Build.0 = Debug|Any CPU
		{983BC123-4B4F-4436-85E4-766E8281DFA8}.Debug|Mixed Platforms.ActiveCfg = Debug|Any CPU
		{983BC123-4B4F-4436-85E4-766E8281DFA8}.Debug|Mixed Platforms.Build.0 = Debug|Any CPU
		{983BC123-4B4F-4436-85E4-766E8281DFA8}.Debug|x86.ActiveCfg = Debug|Any CPU
		{983BC123-4B4F-4436-85E4-766E8281DFA8}.Release|Any CPU.ActiveCfg = Release|Any CPU
		{983BC123-4B4F-4436-85E4-766E8281DFA8}.Release|Any CPU.Build.0 = Release|Any CPU
		{983BC123-4B4F-4436-85E4-766E8281DFA8}.Release|Mixed Platforms.ActiveCfg = Release|Any CPU
		{983BC123-4B4F-4436-85E4-766E8281DFA8}.Release|Mixed Platforms.Build.0 = Release|Any CPU
		{983BC123-4B4F-4436-85E4-766E8281DFA8}.Release|x86.ActiveCfg = Release|Any CPU
		{ED0A8348-1083-43A0-ABF3-9C6E1A7F0548}.Debug|Any CPU.ActiveCfg = Debug|Any CPU
		{ED0A8348-1083-43A0-ABF3-9C6E1A7F0548}.Debug|Any CPU.Build.0 = Debug|Any CPU
		{ED0A8348-1083-43A0-ABF3-9C6E1A7F0548}.Debug|Mixed Platforms.ActiveCfg = Debug|Any CPU
		{ED0A8348-1083-43A0-ABF3-9C6E1A7F0548}.Debug|Mixed Platforms.Build.0 = Debug|Any CPU
		{ED0A8348-1083-43A0-ABF3-9C6E1A7F0548}.Debug|x86.ActiveCfg = Debug|Any CPU
		{ED0A8348-1083-43A0-ABF3-9C6E1A7F0548}.Release|Any CPU.ActiveCfg = Release|Any CPU
		{ED0A8348-1083-43A0-ABF3-9C6E1A7F0548}.Release|Any CPU.Build.0 = Release|Any CPU
		{ED0A8348-1083-43A0-ABF3-9C6E1A7F0548}.Release|Mixed Platforms.ActiveCfg = Release|Any CPU
		{ED0A8348-1083-43A0-ABF3-9C6E1A7F0548}.Release|Mixed Platforms.Build.0 = Release|Any CPU
		{ED0A8348-1083-43A0-ABF3-9C6E1A7F0548}.Release|x86.ActiveCfg = Release|Any CPU
		{4225EE46-10B3-4AA2-BFFF-3F0A2F7AE146}.Debug|Any CPU.ActiveCfg = Debug|Any CPU
		{4225EE46-10B3-4AA2-BFFF-3F0A2F7AE146}.Debug|Any CPU.Build.0 = Debug|Any CPU
		{4225EE46-10B3-4AA2-BFFF-3F0A2F7AE146}.Debug|Mixed Platforms.ActiveCfg = Debug|Any CPU
		{4225EE46-10B3-4AA2-BFFF-3F0A2F7AE146}.Debug|Mixed Platforms.Build.0 = Debug|Any CPU
		{4225EE46-10B3-4AA2-BFFF-3F0A2F7AE146}.Debug|x86.ActiveCfg = Debug|Any CPU
		{4225EE46-10B3-4AA2-BFFF-3F0A2F7AE146}.Release|Any CPU.ActiveCfg = Release|Any CPU
		{4225EE46-10B3-4AA2-BFFF-3F0A2F7AE146}.Release|Any CPU.Build.0 = Release|Any CPU
		{4225EE46-10B3-4AA2-BFFF-3F0A2F7AE146}.Release|Mixed Platforms.ActiveCfg = Release|Any CPU
		{4225EE46-10B3-4AA2-BFFF-3F0A2F7AE146}.Release|Mixed Platforms.Build.0 = Release|Any CPU
		{4225EE46-10B3-4AA2-BFFF-3F0A2F7AE146}.Release|x86.ActiveCfg = Release|Any CPU
		{A1218C7D-8170-42FB-821D-D9CDAB5573EB}.Debug|Any CPU.ActiveCfg = Debug|Any CPU
		{A1218C7D-8170-42FB-821D-D9CDAB5573EB}.Debug|Any CPU.Build.0 = Debug|Any CPU
		{A1218C7D-8170-42FB-821D-D9CDAB5573EB}.Debug|Mixed Platforms.ActiveCfg = Debug|Any CPU
		{A1218C7D-8170-42FB-821D-D9CDAB5573EB}.Debug|Mixed Platforms.Build.0 = Debug|Any CPU
		{A1218C7D-8170-42FB-821D-D9CDAB5573EB}.Debug|x86.ActiveCfg = Debug|Any CPU
		{A1218C7D-8170-42FB-821D-D9CDAB5573EB}.Release|Any CPU.ActiveCfg = Release|Any CPU
		{A1218C7D-8170-42FB-821D-D9CDAB5573EB}.Release|Any CPU.Build.0 = Release|Any CPU
		{A1218C7D-8170-42FB-821D-D9CDAB5573EB}.Release|Mixed Platforms.ActiveCfg = Release|Any CPU
		{A1218C7D-8170-42FB-821D-D9CDAB5573EB}.Release|Mixed Platforms.Build.0 = Release|Any CPU
		{A1218C7D-8170-42FB-821D-D9CDAB5573EB}.Release|x86.ActiveCfg = Release|Any CPU
		{FDCE8BC0-047B-486A-BBF0-61F5477A74B6}.Debug|Any CPU.ActiveCfg = Debug|Any CPU
		{FDCE8BC0-047B-486A-BBF0-61F5477A74B6}.Debug|Any CPU.Build.0 = Debug|Any CPU
		{FDCE8BC0-047B-486A-BBF0-61F5477A74B6}.Debug|Mixed Platforms.ActiveCfg = Debug|Any CPU
		{FDCE8BC0-047B-486A-BBF0-61F5477A74B6}.Debug|Mixed Platforms.Build.0 = Debug|Any CPU
		{FDCE8BC0-047B-486A-BBF0-61F5477A74B6}.Debug|x86.ActiveCfg = Debug|Any CPU
		{FDCE8BC0-047B-486A-BBF0-61F5477A74B6}.Release|Any CPU.ActiveCfg = Release|Any CPU
		{FDCE8BC0-047B-486A-BBF0-61F5477A74B6}.Release|Any CPU.Build.0 = Release|Any CPU
		{FDCE8BC0-047B-486A-BBF0-61F5477A74B6}.Release|Mixed Platforms.ActiveCfg = Release|Any CPU
		{FDCE8BC0-047B-486A-BBF0-61F5477A74B6}.Release|Mixed Platforms.Build.0 = Release|Any CPU
		{FDCE8BC0-047B-486A-BBF0-61F5477A74B6}.Release|x86.ActiveCfg = Release|Any CPU
		{117B7C67-7C97-4DF4-B221-35722B3E0A7D}.Debug|Any CPU.ActiveCfg = Debug|Any CPU
		{117B7C67-7C97-4DF4-B221-35722B3E0A7D}.Debug|Any CPU.Build.0 = Debug|Any CPU
		{117B7C67-7C97-4DF4-B221-35722B3E0A7D}.Debug|Mixed Platforms.ActiveCfg = Debug|Any CPU
		{117B7C67-7C97-4DF4-B221-35722B3E0A7D}.Debug|Mixed Platforms.Build.0 = Debug|Any CPU
		{117B7C67-7C97-4DF4-B221-35722B3E0A7D}.Debug|x86.ActiveCfg = Debug|Any CPU
		{117B7C67-7C97-4DF4-B221-35722B3E0A7D}.Release|Any CPU.ActiveCfg = Release|Any CPU
		{117B7C67-7C97-4DF4-B221-35722B3E0A7D}.Release|Any CPU.Build.0 = Release|Any CPU
		{117B7C67-7C97-4DF4-B221-35722B3E0A7D}.Release|Mixed Platforms.ActiveCfg = Release|Any CPU
		{117B7C67-7C97-4DF4-B221-35722B3E0A7D}.Release|Mixed Platforms.Build.0 = Release|Any CPU
		{117B7C67-7C97-4DF4-B221-35722B3E0A7D}.Release|x86.ActiveCfg = Release|Any CPU
		{A4FB3FF8-BFC6-46CD-94C5-E83731FF231D}.Debug|Any CPU.ActiveCfg = Debug|Any CPU
		{A4FB3FF8-BFC6-46CD-94C5-E83731FF231D}.Debug|Any CPU.Build.0 = Debug|Any CPU
		{A4FB3FF8-BFC6-46CD-94C5-E83731FF231D}.Debug|Mixed Platforms.ActiveCfg = Debug|Any CPU
		{A4FB3FF8-BFC6-46CD-94C5-E83731FF231D}.Debug|Mixed Platforms.Build.0 = Debug|Any CPU
		{A4FB3FF8-BFC6-46CD-94C5-E83731FF231D}.Debug|x86.ActiveCfg = Debug|Any CPU
		{A4FB3FF8-BFC6-46CD-94C5-E83731FF231D}.Release|Any CPU.ActiveCfg = Release|Any CPU
		{A4FB3FF8-BFC6-46CD-94C5-E83731FF231D}.Release|Any CPU.Build.0 = Release|Any CPU
		{A4FB3FF8-BFC6-46CD-94C5-E83731FF231D}.Release|Mixed Platforms.ActiveCfg = Release|Any CPU
		{A4FB3FF8-BFC6-46CD-94C5-E83731FF231D}.Release|Mixed Platforms.Build.0 = Release|Any CPU
		{A4FB3FF8-BFC6-46CD-94C5-E83731FF231D}.Release|x86.ActiveCfg = Release|Any CPU
		{23831299-DF1E-4BD4-B9B0-2AF6B4432BB2}.Debug|Any CPU.ActiveCfg = Debug|Any CPU
		{23831299-DF1E-4BD4-B9B0-2AF6B4432BB2}.Debug|Any CPU.Build.0 = Debug|Any CPU
		{23831299-DF1E-4BD4-B9B0-2AF6B4432BB2}.Debug|Mixed Platforms.ActiveCfg = Debug|Any CPU
		{23831299-DF1E-4BD4-B9B0-2AF6B4432BB2}.Debug|Mixed Platforms.Build.0 = Debug|Any CPU
		{23831299-DF1E-4BD4-B9B0-2AF6B4432BB2}.Debug|x86.ActiveCfg = Debug|Any CPU
		{23831299-DF1E-4BD4-B9B0-2AF6B4432BB2}.Release|Any CPU.ActiveCfg = Release|Any CPU
		{23831299-DF1E-4BD4-B9B0-2AF6B4432BB2}.Release|Any CPU.Build.0 = Release|Any CPU
		{23831299-DF1E-4BD4-B9B0-2AF6B4432BB2}.Release|Mixed Platforms.ActiveCfg = Release|Any CPU
		{23831299-DF1E-4BD4-B9B0-2AF6B4432BB2}.Release|Mixed Platforms.Build.0 = Release|Any CPU
		{23831299-DF1E-4BD4-B9B0-2AF6B4432BB2}.Release|x86.ActiveCfg = Release|Any CPU
		{3479C1C7-15B5-4277-ADF7-5321E59251A4}.Debug|Any CPU.ActiveCfg = Debug|x86
		{3479C1C7-15B5-4277-ADF7-5321E59251A4}.Debug|Mixed Platforms.ActiveCfg = Debug|x86
		{3479C1C7-15B5-4277-ADF7-5321E59251A4}.Debug|Mixed Platforms.Build.0 = Debug|x86
		{3479C1C7-15B5-4277-ADF7-5321E59251A4}.Debug|x86.ActiveCfg = Debug|x86
		{3479C1C7-15B5-4277-ADF7-5321E59251A4}.Debug|x86.Build.0 = Debug|x86
		{3479C1C7-15B5-4277-ADF7-5321E59251A4}.Release|Any CPU.ActiveCfg = Release|x86
		{3479C1C7-15B5-4277-ADF7-5321E59251A4}.Release|Mixed Platforms.ActiveCfg = Release|x86
		{3479C1C7-15B5-4277-ADF7-5321E59251A4}.Release|Mixed Platforms.Build.0 = Release|x86
		{3479C1C7-15B5-4277-ADF7-5321E59251A4}.Release|x86.ActiveCfg = Release|x86
		{3479C1C7-15B5-4277-ADF7-5321E59251A4}.Release|x86.Build.0 = Release|x86
		{D6FA847C-00A0-4493-B1F4-1A12C431CADD}.Debug|Any CPU.ActiveCfg = Debug|Any CPU
		{D6FA847C-00A0-4493-B1F4-1A12C431CADD}.Debug|Any CPU.Build.0 = Debug|Any CPU
		{D6FA847C-00A0-4493-B1F4-1A12C431CADD}.Debug|Mixed Platforms.ActiveCfg = Debug|Any CPU
		{D6FA847C-00A0-4493-B1F4-1A12C431CADD}.Debug|Mixed Platforms.Build.0 = Debug|Any CPU
		{D6FA847C-00A0-4493-B1F4-1A12C431CADD}.Debug|x86.ActiveCfg = Debug|Any CPU
		{D6FA847C-00A0-4493-B1F4-1A12C431CADD}.Release|Any CPU.ActiveCfg = Release|Any CPU
		{D6FA847C-00A0-4493-B1F4-1A12C431CADD}.Release|Any CPU.Build.0 = Release|Any CPU
		{D6FA847C-00A0-4493-B1F4-1A12C431CADD}.Release|Mixed Platforms.ActiveCfg = Release|Any CPU
		{D6FA847C-00A0-4493-B1F4-1A12C431CADD}.Release|Mixed Platforms.Build.0 = Release|Any CPU
		{D6FA847C-00A0-4493-B1F4-1A12C431CADD}.Release|x86.ActiveCfg = Release|Any CPU
	EndGlobalSection
	GlobalSection(SolutionProperties) = preSolution
		HideSolutionNode = FALSE
	EndGlobalSection
EndGlobal
