
Microsoft Visual Studio Solution File, Format Version 11.00
# Visual Studio 2010
Project("{FAE04EC0-301F-11D3-BF4B-00C04F79EFBC}") = "2. MaxPlatform", "MaxPlatform\2. MaxPlatform.csproj", "{66EB1973-9542-495D-92FD-C3B39D68DC3B}"
EndProject
Project("{FAE04EC0-301F-11D3-BF4B-00C04F79EFBC}") = "1. ReadWriteMatrix", "ReadWriteMatrix\1. ReadWriteMatrix.csproj", "{1690C4A2-4D68-4C97-AD58-734B08587C87}"
EndProject
Project("{FAE04EC0-301F-11D3-BF4B-00C04F79EFBC}") = "5. PascalTriangle", "PascalTriangle\5. PascalTriangle.csproj", "{7B7B0314-9D7C-4086-A74C-7E166CEE06C3}"
EndProject
Project("{FAE04EC0-301F-11D3-BF4B-00C04F79EFBC}") = "4. Matrix Multiplication", "Matrix Multiplication\4. Matrix Multiplication.csproj", "{92C7E4CF-9BE4-4E87-8087-F41F6506AFC7}"
EndProject
Project("{FAE04EC0-301F-11D3-BF4B-00C04F79EFBC}") = "6. SortingIComparer", "SortingIComparer\6. SortingIComparer.csproj", "{C3C6A466-FD52-452D-8118-75EF18568840}"
EndProject
Project("{FAE04EC0-301F-11D3-BF4B-00C04F79EFBC}") = "7. BinarySearch", "BinarySearch\7. BinarySearch.csproj", "{2D2909FC-7807-4B0E-AF06-211A04EE82FD}"
EndProject
Project("{FAE04EC0-301F-11D3-BF4B-00C04F79EFBC}") = "3. JaggedArrays", "JaggedArrays\3. JaggedArrays.csproj", "{9B96C66A-48D1-4909-878C-864AEA5F4AB3}"
EndProject
Global
	GlobalSection(SolutionConfigurationPlatforms) = preSolution
		Debug|Any CPU = Debug|Any CPU
		Debug|Mixed Platforms = Debug|Mixed Platforms
		Debug|x86 = Debug|x86
		Release|Any CPU = Release|Any CPU
		Release|Mixed Platforms = Release|Mixed Platforms
		Release|x86 = Release|x86
	EndGlobalSection
	GlobalSection(ProjectConfigurationPlatforms) = postSolution
		{66EB1973-9542-495D-92FD-C3B39D68DC3B}.Debug|Any CPU.ActiveCfg = Debug|Any CPU
		{66EB1973-9542-495D-92FD-C3B39D68DC3B}.Debug|Any CPU.Build.0 = Debug|Any CPU
		{66EB1973-9542-495D-92FD-C3B39D68DC3B}.Debug|Mixed Platforms.ActiveCfg = Debug|Any CPU
		{66EB1973-9542-495D-92FD-C3B39D68DC3B}.Debug|Mixed Platforms.Build.0 = Debug|Any CPU
		{66EB1973-9542-495D-92FD-C3B39D68DC3B}.Debug|x86.ActiveCfg = Debug|Any CPU
		{66EB1973-9542-495D-92FD-C3B39D68DC3B}.Release|Any CPU.ActiveCfg = Release|Any CPU
		{66EB1973-9542-495D-92FD-C3B39D68DC3B}.Release|Any CPU.Build.0 = Release|Any CPU
		{66EB1973-9542-495D-92FD-C3B39D68DC3B}.Release|Mixed Platforms.ActiveCfg = Release|Any CPU
		{66EB1973-9542-495D-92FD-C3B39D68DC3B}.Release|Mixed Platforms.Build.0 = Release|Any CPU
		{66EB1973-9542-495D-92FD-C3B39D68DC3B}.Release|x86.ActiveCfg = Release|Any CPU
		{1690C4A2-4D68-4C97-AD58-734B08587C87}.Debug|Any CPU.ActiveCfg = Debug|Any CPU
		{1690C4A2-4D68-4C97-AD58-734B08587C87}.Debug|Any CPU.Build.0 = Debug|Any CPU
		{1690C4A2-4D68-4C97-AD58-734B08587C87}.Debug|Mixed Platforms.ActiveCfg = Debug|Any CPU
		{1690C4A2-4D68-4C97-AD58-734B08587C87}.Debug|Mixed Platforms.Build.0 = Debug|Any CPU
		{1690C4A2-4D68-4C97-AD58-734B08587C87}.Debug|x86.ActiveCfg = Debug|Any CPU
		{1690C4A2-4D68-4C97-AD58-734B08587C87}.Release|Any CPU.ActiveCfg = Release|Any CPU
		{1690C4A2-4D68-4C97-AD58-734B08587C87}.Release|Any CPU.Build.0 = Release|Any CPU
		{1690C4A2-4D68-4C97-AD58-734B08587C87}.Release|Mixed Platforms.ActiveCfg = Release|Any CPU
		{1690C4A2-4D68-4C97-AD58-734B08587C87}.Release|Mixed Platforms.Build.0 = Release|Any CPU
		{1690C4A2-4D68-4C97-AD58-734B08587C87}.Release|x86.ActiveCfg = Release|Any CPU
		{7B7B0314-9D7C-4086-A74C-7E166CEE06C3}.Debug|Any CPU.ActiveCfg = Debug|x86
		{7B7B0314-9D7C-4086-A74C-7E166CEE06C3}.Debug|Mixed Platforms.ActiveCfg = Debug|x86
		{7B7B0314-9D7C-4086-A74C-7E166CEE06C3}.Debug|Mixed Platforms.Build.0 = Debug|x86
		{7B7B0314-9D7C-4086-A74C-7E166CEE06C3}.Debug|x86.ActiveCfg = Debug|x86
		{7B7B0314-9D7C-4086-A74C-7E166CEE06C3}.Debug|x86.Build.0 = Debug|x86
		{7B7B0314-9D7C-4086-A74C-7E166CEE06C3}.Release|Any CPU.ActiveCfg = Release|x86
		{7B7B0314-9D7C-4086-A74C-7E166CEE06C3}.Release|Mixed Platforms.ActiveCfg = Release|x86
		{7B7B0314-9D7C-4086-A74C-7E166CEE06C3}.Release|Mixed Platforms.Build.0 = Release|x86
		{7B7B0314-9D7C-4086-A74C-7E166CEE06C3}.Release|x86.ActiveCfg = Release|x86
		{7B7B0314-9D7C-4086-A74C-7E166CEE06C3}.Release|x86.Build.0 = Release|x86
		{92C7E4CF-9BE4-4E87-8087-F41F6506AFC7}.Debug|Any CPU.ActiveCfg = Debug|x86
		{92C7E4CF-9BE4-4E87-8087-F41F6506AFC7}.Debug|Mixed Platforms.ActiveCfg = Debug|x86
		{92C7E4CF-9BE4-4E87-8087-F41F6506AFC7}.Debug|Mixed Platforms.Build.0 = Debug|x86
		{92C7E4CF-9BE4-4E87-8087-F41F6506AFC7}.Debug|x86.ActiveCfg = Debug|x86
		{92C7E4CF-9BE4-4E87-8087-F41F6506AFC7}.Debug|x86.Build.0 = Debug|x86
		{92C7E4CF-9BE4-4E87-8087-F41F6506AFC7}.Release|Any CPU.ActiveCfg = Release|x86
		{92C7E4CF-9BE4-4E87-8087-F41F6506AFC7}.Release|Mixed Platforms.ActiveCfg = Release|x86
		{92C7E4CF-9BE4-4E87-8087-F41F6506AFC7}.Release|Mixed Platforms.Build.0 = Release|x86
		{92C7E4CF-9BE4-4E87-8087-F41F6506AFC7}.Release|x86.ActiveCfg = Release|x86
		{92C7E4CF-9BE4-4E87-8087-F41F6506AFC7}.Release|x86.Build.0 = Release|x86
		{C3C6A466-FD52-452D-8118-75EF18568840}.Debug|Any CPU.ActiveCfg = Debug|x86
		{C3C6A466-FD52-452D-8118-75EF18568840}.Debug|Mixed Platforms.ActiveCfg = Debug|x86
		{C3C6A466-FD52-452D-8118-75EF18568840}.Debug|Mixed Platforms.Build.0 = Debug|x86
		{C3C6A466-FD52-452D-8118-75EF18568840}.Debug|x86.ActiveCfg = Debug|x86
		{C3C6A466-FD52-452D-8118-75EF18568840}.Debug|x86.Build.0 = Debug|x86
		{C3C6A466-FD52-452D-8118-75EF18568840}.Release|Any CPU.ActiveCfg = Release|x86
		{C3C6A466-FD52-452D-8118-75EF18568840}.Release|Mixed Platforms.ActiveCfg = Release|x86
		{C3C6A466-FD52-452D-8118-75EF18568840}.Release|Mixed Platforms.Build.0 = Release|x86
		{C3C6A466-FD52-452D-8118-75EF18568840}.Release|x86.ActiveCfg = Release|x86
		{C3C6A466-FD52-452D-8118-75EF18568840}.Release|x86.Build.0 = Release|x86
		{2D2909FC-7807-4B0E-AF06-211A04EE82FD}.Debug|Any CPU.ActiveCfg = Debug|x86
		{2D2909FC-7807-4B0E-AF06-211A04EE82FD}.Debug|Mixed Platforms.ActiveCfg = Debug|x86
		{2D2909FC-7807-4B0E-AF06-211A04EE82FD}.Debug|Mixed Platforms.Build.0 = Debug|x86
		{2D2909FC-7807-4B0E-AF06-211A04EE82FD}.Debug|x86.ActiveCfg = Debug|x86
		{2D2909FC-7807-4B0E-AF06-211A04EE82FD}.Debug|x86.Build.0 = Debug|x86
		{2D2909FC-7807-4B0E-AF06-211A04EE82FD}.Release|Any CPU.ActiveCfg = Release|x86
		{2D2909FC-7807-4B0E-AF06-211A04EE82FD}.Release|Mixed Platforms.ActiveCfg = Release|x86
		{2D2909FC-7807-4B0E-AF06-211A04EE82FD}.Release|Mixed Platforms.Build.0 = Release|x86
		{2D2909FC-7807-4B0E-AF06-211A04EE82FD}.Release|x86.ActiveCfg = Release|x86
		{2D2909FC-7807-4B0E-AF06-211A04EE82FD}.Release|x86.Build.0 = Release|x86
		{9B96C66A-48D1-4909-878C-864AEA5F4AB3}.Debug|Any CPU.ActiveCfg = Debug|x86
		{9B96C66A-48D1-4909-878C-864AEA5F4AB3}.Debug|Mixed Platforms.ActiveCfg = Debug|x86
		{9B96C66A-48D1-4909-878C-864AEA5F4AB3}.Debug|Mixed Platforms.Build.0 = Debug|x86
		{9B96C66A-48D1-4909-878C-864AEA5F4AB3}.Debug|x86.ActiveCfg = Debug|x86
		{9B96C66A-48D1-4909-878C-864AEA5F4AB3}.Debug|x86.Build.0 = Debug|x86
		{9B96C66A-48D1-4909-878C-864AEA5F4AB3}.Release|Any CPU.ActiveCfg = Release|x86
		{9B96C66A-48D1-4909-878C-864AEA5F4AB3}.Release|Mixed Platforms.ActiveCfg = Release|x86
		{9B96C66A-48D1-4909-878C-864AEA5F4AB3}.Release|Mixed Platforms.Build.0 = Release|x86
		{9B96C66A-48D1-4909-878C-864AEA5F4AB3}.Release|x86.ActiveCfg = Release|x86
		{9B96C66A-48D1-4909-878C-864AEA5F4AB3}.Release|x86.Build.0 = Release|x86
	EndGlobalSection
	GlobalSection(SolutionProperties) = preSolution
		HideSolutionNode = FALSE
	EndGlobalSection
EndGlobal
