
Microsoft Visual Studio Solution File, Format Version 12.00
# Visual Studio 2013
VisualStudioVersion = 12.0.31101.0
MinimumVisualStudioVersion = 10.0.40219.1
Project("{FAE04EC0-301F-11D3-BF4B-00C04F79EFBC}") = "WorkingWithLocalData.Core", "WorkingWithLocalData\WorkingWithLocalData\WorkingWithLocalData.Core.csproj", "{34D4F66E-B2E2-4E86-9B1D-489246F2D8DB}"
EndProject
Project("{FAE04EC0-301F-11D3-BF4B-00C04F79EFBC}") = "WorkingWithLocalData.iOS", "WorkingWithLocalData\WorkingWithLocalData.iOS\WorkingWithLocalData.iOS.csproj", "{B84D56F0-F7FA-459B-8410-A0A083B33ED9}"
EndProject
Project("{FAE04EC0-301F-11D3-BF4B-00C04F79EFBC}") = "WorkingWithLocalData.Droid", "WorkingWithLocalData\WorkingWithLocalData.Droid\WorkingWithLocalData.Droid.csproj", "{EEDF5F0E-CB83-4292-81E4-FCD6405A3F76}"
EndProject
Project("{FAE04EC0-301F-11D3-BF4B-00C04F79EFBC}") = "WorkingWithLocalData.SharedUI", "WorkingWithLocalData.SharedUI\WorkingWithLocalData.SharedUI.csproj", "{5F594E53-046C-4B2E-BA8B-CBE2800C830B}"
EndProject
Global
	GlobalSection(SolutionConfigurationPlatforms) = preSolution
		Ad-Hoc|Any CPU = Ad-Hoc|Any CPU
		Ad-Hoc|iPhone = Ad-Hoc|iPhone
		Ad-Hoc|iPhoneSimulator = Ad-Hoc|iPhoneSimulator
		Ad-Hoc|Mixed Platforms = Ad-Hoc|Mixed Platforms
		AppStore|Any CPU = AppStore|Any CPU
		AppStore|iPhone = AppStore|iPhone
		AppStore|iPhoneSimulator = AppStore|iPhoneSimulator
		AppStore|Mixed Platforms = AppStore|Mixed Platforms
		Debug|Any CPU = Debug|Any CPU
		Debug|iPhone = Debug|iPhone
		Debug|iPhoneSimulator = Debug|iPhoneSimulator
		Debug|Mixed Platforms = Debug|Mixed Platforms
		Release|Any CPU = Release|Any CPU
		Release|iPhone = Release|iPhone
		Release|iPhoneSimulator = Release|iPhoneSimulator
		Release|Mixed Platforms = Release|Mixed Platforms
	EndGlobalSection
	GlobalSection(ProjectConfigurationPlatforms) = postSolution
		{34D4F66E-B2E2-4E86-9B1D-489246F2D8DB}.Ad-Hoc|Any CPU.ActiveCfg = Release|Any CPU
		{34D4F66E-B2E2-4E86-9B1D-489246F2D8DB}.Ad-Hoc|Any CPU.Build.0 = Release|Any CPU
		{34D4F66E-B2E2-4E86-9B1D-489246F2D8DB}.Ad-Hoc|iPhone.ActiveCfg = Release|Any CPU
		{34D4F66E-B2E2-4E86-9B1D-489246F2D8DB}.Ad-Hoc|iPhoneSimulator.ActiveCfg = Release|Any CPU
		{34D4F66E-B2E2-4E86-9B1D-489246F2D8DB}.Ad-Hoc|Mixed Platforms.ActiveCfg = Release|Any CPU
		{34D4F66E-B2E2-4E86-9B1D-489246F2D8DB}.Ad-Hoc|Mixed Platforms.Build.0 = Release|Any CPU
		{34D4F66E-B2E2-4E86-9B1D-489246F2D8DB}.AppStore|Any CPU.ActiveCfg = Release|Any CPU
		{34D4F66E-B2E2-4E86-9B1D-489246F2D8DB}.AppStore|Any CPU.Build.0 = Release|Any CPU
		{34D4F66E-B2E2-4E86-9B1D-489246F2D8DB}.AppStore|iPhone.ActiveCfg = Release|Any CPU
		{34D4F66E-B2E2-4E86-9B1D-489246F2D8DB}.AppStore|iPhoneSimulator.ActiveCfg = Release|Any CPU
		{34D4F66E-B2E2-4E86-9B1D-489246F2D8DB}.AppStore|Mixed Platforms.ActiveCfg = Release|Any CPU
		{34D4F66E-B2E2-4E86-9B1D-489246F2D8DB}.AppStore|Mixed Platforms.Build.0 = Release|Any CPU
		{34D4F66E-B2E2-4E86-9B1D-489246F2D8DB}.Debug|Any CPU.ActiveCfg = Debug|Any CPU
		{34D4F66E-B2E2-4E86-9B1D-489246F2D8DB}.Debug|Any CPU.Build.0 = Debug|Any CPU
		{34D4F66E-B2E2-4E86-9B1D-489246F2D8DB}.Debug|iPhone.ActiveCfg = Debug|Any CPU
		{34D4F66E-B2E2-4E86-9B1D-489246F2D8DB}.Debug|iPhoneSimulator.ActiveCfg = Debug|Any CPU
		{34D4F66E-B2E2-4E86-9B1D-489246F2D8DB}.Debug|Mixed Platforms.ActiveCfg = Debug|Any CPU
		{34D4F66E-B2E2-4E86-9B1D-489246F2D8DB}.Debug|Mixed Platforms.Build.0 = Debug|Any CPU
		{34D4F66E-B2E2-4E86-9B1D-489246F2D8DB}.Release|Any CPU.ActiveCfg = Release|Any CPU
		{34D4F66E-B2E2-4E86-9B1D-489246F2D8DB}.Release|Any CPU.Build.0 = Release|Any CPU
		{34D4F66E-B2E2-4E86-9B1D-489246F2D8DB}.Release|iPhone.ActiveCfg = Release|Any CPU
		{34D4F66E-B2E2-4E86-9B1D-489246F2D8DB}.Release|iPhoneSimulator.ActiveCfg = Release|Any CPU
		{34D4F66E-B2E2-4E86-9B1D-489246F2D8DB}.Release|Mixed Platforms.ActiveCfg = Release|Any CPU
		{34D4F66E-B2E2-4E86-9B1D-489246F2D8DB}.Release|Mixed Platforms.Build.0 = Release|Any CPU
		{B84D56F0-F7FA-459B-8410-A0A083B33ED9}.Ad-Hoc|Any CPU.ActiveCfg = Ad-Hoc|iPhone
		{B84D56F0-F7FA-459B-8410-A0A083B33ED9}.Ad-Hoc|iPhone.ActiveCfg = Ad-Hoc|iPhone
		{B84D56F0-F7FA-459B-8410-A0A083B33ED9}.Ad-Hoc|iPhone.Build.0 = Ad-Hoc|iPhone
		{B84D56F0-F7FA-459B-8410-A0A083B33ED9}.Ad-Hoc|iPhoneSimulator.ActiveCfg = Ad-Hoc|iPhoneSimulator
		{B84D56F0-F7FA-459B-8410-A0A083B33ED9}.Ad-Hoc|iPhoneSimulator.Build.0 = Ad-Hoc|iPhoneSimulator
		{B84D56F0-F7FA-459B-8410-A0A083B33ED9}.Ad-Hoc|Mixed Platforms.ActiveCfg = Ad-Hoc|iPhone
		{B84D56F0-F7FA-459B-8410-A0A083B33ED9}.Ad-Hoc|Mixed Platforms.Build.0 = Ad-Hoc|iPhone
		{B84D56F0-F7FA-459B-8410-A0A083B33ED9}.AppStore|Any CPU.ActiveCfg = AppStore|iPhone
		{B84D56F0-F7FA-459B-8410-A0A083B33ED9}.AppStore|iPhone.ActiveCfg = AppStore|iPhone
		{B84D56F0-F7FA-459B-8410-A0A083B33ED9}.AppStore|iPhone.Build.0 = AppStore|iPhone
		{B84D56F0-F7FA-459B-8410-A0A083B33ED9}.AppStore|iPhoneSimulator.ActiveCfg = AppStore|iPhoneSimulator
		{B84D56F0-F7FA-459B-8410-A0A083B33ED9}.AppStore|iPhoneSimulator.Build.0 = AppStore|iPhoneSimulator
		{B84D56F0-F7FA-459B-8410-A0A083B33ED9}.AppStore|Mixed Platforms.ActiveCfg = AppStore|iPhone
		{B84D56F0-F7FA-459B-8410-A0A083B33ED9}.AppStore|Mixed Platforms.Build.0 = AppStore|iPhone
		{B84D56F0-F7FA-459B-8410-A0A083B33ED9}.Debug|Any CPU.ActiveCfg = Debug|iPhone
		{B84D56F0-F7FA-459B-8410-A0A083B33ED9}.Debug|iPhone.ActiveCfg = Debug|iPhone
		{B84D56F0-F7FA-459B-8410-A0A083B33ED9}.Debug|iPhone.Build.0 = Debug|iPhone
		{B84D56F0-F7FA-459B-8410-A0A083B33ED9}.Debug|iPhoneSimulator.ActiveCfg = Debug|iPhoneSimulator
		{B84D56F0-F7FA-459B-8410-A0A083B33ED9}.Debug|iPhoneSimulator.Build.0 = Debug|iPhoneSimulator
		{B84D56F0-F7FA-459B-8410-A0A083B33ED9}.Debug|Mixed Platforms.ActiveCfg = Debug|iPhone
		{B84D56F0-F7FA-459B-8410-A0A083B33ED9}.Debug|Mixed Platforms.Build.0 = Debug|iPhone
		{B84D56F0-F7FA-459B-8410-A0A083B33ED9}.Release|Any CPU.ActiveCfg = Release|iPhone
		{B84D56F0-F7FA-459B-8410-A0A083B33ED9}.Release|iPhone.ActiveCfg = Release|iPhone
		{B84D56F0-F7FA-459B-8410-A0A083B33ED9}.Release|iPhone.Build.0 = Release|iPhone
		{B84D56F0-F7FA-459B-8410-A0A083B33ED9}.Release|iPhoneSimulator.ActiveCfg = Release|iPhoneSimulator
		{B84D56F0-F7FA-459B-8410-A0A083B33ED9}.Release|iPhoneSimulator.Build.0 = Release|iPhoneSimulator
		{B84D56F0-F7FA-459B-8410-A0A083B33ED9}.Release|Mixed Platforms.ActiveCfg = Release|iPhone
		{B84D56F0-F7FA-459B-8410-A0A083B33ED9}.Release|Mixed Platforms.Build.0 = Release|iPhone
		{EEDF5F0E-CB83-4292-81E4-FCD6405A3F76}.Ad-Hoc|Any CPU.ActiveCfg = Release|Any CPU
		{EEDF5F0E-CB83-4292-81E4-FCD6405A3F76}.Ad-Hoc|Any CPU.Build.0 = Release|Any CPU
		{EEDF5F0E-CB83-4292-81E4-FCD6405A3F76}.Ad-Hoc|Any CPU.Deploy.0 = Release|Any CPU
		{EEDF5F0E-CB83-4292-81E4-FCD6405A3F76}.Ad-Hoc|iPhone.ActiveCfg = Release|Any CPU
		{EEDF5F0E-CB83-4292-81E4-FCD6405A3F76}.Ad-Hoc|iPhoneSimulator.ActiveCfg = Release|Any CPU
		{EEDF5F0E-CB83-4292-81E4-FCD6405A3F76}.Ad-Hoc|Mixed Platforms.ActiveCfg = Release|Any CPU
		{EEDF5F0E-CB83-4292-81E4-FCD6405A3F76}.Ad-Hoc|Mixed Platforms.Build.0 = Release|Any CPU
		{EEDF5F0E-CB83-4292-81E4-FCD6405A3F76}.Ad-Hoc|Mixed Platforms.Deploy.0 = Release|Any CPU
		{EEDF5F0E-CB83-4292-81E4-FCD6405A3F76}.AppStore|Any CPU.ActiveCfg = Release|Any CPU
		{EEDF5F0E-CB83-4292-81E4-FCD6405A3F76}.AppStore|Any CPU.Build.0 = Release|Any CPU
		{EEDF5F0E-CB83-4292-81E4-FCD6405A3F76}.AppStore|Any CPU.Deploy.0 = Release|Any CPU
		{EEDF5F0E-CB83-4292-81E4-FCD6405A3F76}.AppStore|iPhone.ActiveCfg = Release|Any CPU
		{EEDF5F0E-CB83-4292-81E4-FCD6405A3F76}.AppStore|iPhoneSimulator.ActiveCfg = Release|Any CPU
		{EEDF5F0E-CB83-4292-81E4-FCD6405A3F76}.AppStore|Mixed Platforms.ActiveCfg = Release|Any CPU
		{EEDF5F0E-CB83-4292-81E4-FCD6405A3F76}.AppStore|Mixed Platforms.Build.0 = Release|Any CPU
		{EEDF5F0E-CB83-4292-81E4-FCD6405A3F76}.AppStore|Mixed Platforms.Deploy.0 = Release|Any CPU
		{EEDF5F0E-CB83-4292-81E4-FCD6405A3F76}.Debug|Any CPU.ActiveCfg = Debug|Any CPU
		{EEDF5F0E-CB83-4292-81E4-FCD6405A3F76}.Debug|Any CPU.Build.0 = Debug|Any CPU
		{EEDF5F0E-CB83-4292-81E4-FCD6405A3F76}.Debug|Any CPU.Deploy.0 = Debug|Any CPU
		{EEDF5F0E-CB83-4292-81E4-FCD6405A3F76}.Debug|iPhone.ActiveCfg = Debug|Any CPU
		{EEDF5F0E-CB83-4292-81E4-FCD6405A3F76}.Debug|iPhoneSimulator.ActiveCfg = Debug|Any CPU
		{EEDF5F0E-CB83-4292-81E4-FCD6405A3F76}.Debug|Mixed Platforms.ActiveCfg = Debug|Any CPU
		{EEDF5F0E-CB83-4292-81E4-FCD6405A3F76}.Debug|Mixed Platforms.Build.0 = Debug|Any CPU
		{EEDF5F0E-CB83-4292-81E4-FCD6405A3F76}.Debug|Mixed Platforms.Deploy.0 = Debug|Any CPU
		{EEDF5F0E-CB83-4292-81E4-FCD6405A3F76}.Release|Any CPU.ActiveCfg = Release|Any CPU
		{EEDF5F0E-CB83-4292-81E4-FCD6405A3F76}.Release|Any CPU.Build.0 = Release|Any CPU
		{EEDF5F0E-CB83-4292-81E4-FCD6405A3F76}.Release|Any CPU.Deploy.0 = Release|Any CPU
		{EEDF5F0E-CB83-4292-81E4-FCD6405A3F76}.Release|iPhone.ActiveCfg = Release|Any CPU
		{EEDF5F0E-CB83-4292-81E4-FCD6405A3F76}.Release|iPhoneSimulator.ActiveCfg = Release|Any CPU
		{EEDF5F0E-CB83-4292-81E4-FCD6405A3F76}.Release|Mixed Platforms.ActiveCfg = Release|Any CPU
		{EEDF5F0E-CB83-4292-81E4-FCD6405A3F76}.Release|Mixed Platforms.Build.0 = Release|Any CPU
		{EEDF5F0E-CB83-4292-81E4-FCD6405A3F76}.Release|Mixed Platforms.Deploy.0 = Release|Any CPU
		{5F594E53-046C-4B2E-BA8B-CBE2800C830B}.Ad-Hoc|Any CPU.ActiveCfg = Release|Any CPU
		{5F594E53-046C-4B2E-BA8B-CBE2800C830B}.Ad-Hoc|Any CPU.Build.0 = Release|Any CPU
		{5F594E53-046C-4B2E-BA8B-CBE2800C830B}.Ad-Hoc|iPhone.ActiveCfg = Release|Any CPU
		{5F594E53-046C-4B2E-BA8B-CBE2800C830B}.Ad-Hoc|iPhoneSimulator.ActiveCfg = Release|Any CPU
		{5F594E53-046C-4B2E-BA8B-CBE2800C830B}.Ad-Hoc|Mixed Platforms.ActiveCfg = Release|Any CPU
		{5F594E53-046C-4B2E-BA8B-CBE2800C830B}.Ad-Hoc|Mixed Platforms.Build.0 = Release|Any CPU
		{5F594E53-046C-4B2E-BA8B-CBE2800C830B}.AppStore|Any CPU.ActiveCfg = Release|Any CPU
		{5F594E53-046C-4B2E-BA8B-CBE2800C830B}.AppStore|Any CPU.Build.0 = Release|Any CPU
		{5F594E53-046C-4B2E-BA8B-CBE2800C830B}.AppStore|iPhone.ActiveCfg = Release|Any CPU
		{5F594E53-046C-4B2E-BA8B-CBE2800C830B}.AppStore|iPhoneSimulator.ActiveCfg = Release|Any CPU
		{5F594E53-046C-4B2E-BA8B-CBE2800C830B}.AppStore|Mixed Platforms.ActiveCfg = Release|Any CPU
		{5F594E53-046C-4B2E-BA8B-CBE2800C830B}.AppStore|Mixed Platforms.Build.0 = Release|Any CPU
		{5F594E53-046C-4B2E-BA8B-CBE2800C830B}.Debug|Any CPU.ActiveCfg = Debug|Any CPU
		{5F594E53-046C-4B2E-BA8B-CBE2800C830B}.Debug|Any CPU.Build.0 = Debug|Any CPU
		{5F594E53-046C-4B2E-BA8B-CBE2800C830B}.Debug|iPhone.ActiveCfg = Debug|Any CPU
		{5F594E53-046C-4B2E-BA8B-CBE2800C830B}.Debug|iPhoneSimulator.ActiveCfg = Debug|Any CPU
		{5F594E53-046C-4B2E-BA8B-CBE2800C830B}.Debug|Mixed Platforms.ActiveCfg = Debug|Any CPU
		{5F594E53-046C-4B2E-BA8B-CBE2800C830B}.Debug|Mixed Platforms.Build.0 = Debug|Any CPU
		{5F594E53-046C-4B2E-BA8B-CBE2800C830B}.Release|Any CPU.ActiveCfg = Release|Any CPU
		{5F594E53-046C-4B2E-BA8B-CBE2800C830B}.Release|Any CPU.Build.0 = Release|Any CPU
		{5F594E53-046C-4B2E-BA8B-CBE2800C830B}.Release|iPhone.ActiveCfg = Release|Any CPU
		{5F594E53-046C-4B2E-BA8B-CBE2800C830B}.Release|iPhoneSimulator.ActiveCfg = Release|Any CPU
		{5F594E53-046C-4B2E-BA8B-CBE2800C830B}.Release|Mixed Platforms.ActiveCfg = Release|Any CPU
		{5F594E53-046C-4B2E-BA8B-CBE2800C830B}.Release|Mixed Platforms.Build.0 = Release|Any CPU
	EndGlobalSection
	GlobalSection(SolutionProperties) = preSolution
		HideSolutionNode = FALSE
	EndGlobalSection
EndGlobal
