
Microsoft Visual Studio Solution File, Format Version 12.00
# Visual Studio 2012
Project("{FAE04EC0-301F-11D3-BF4B-00C04F79EFBC}") = "HelloCSharp", "HelloCSharp\HelloCSharp.csproj", "{E9BC81EE-7089-4338-B5CD-589D4A8FFB90}"
EndProject
Global
	GlobalSection(SolutionConfigurationPlatforms) = preSolution
		Debug|Any CPU = Debug|Any CPU
		Release|Any CPU = Release|Any CPU
	EndGlobalSection
	GlobalSection(ProjectConfigurationPlatforms) = postSolution
		{E9BC81EE-7089-4338-B5CD-589D4A8FFB90}.Debug|Any CPU.ActiveCfg = Debug|Any CPU
		{E9BC81EE-7089-4338-B5CD-589D4A8FFB90}.Debug|Any CPU.Build.0 = Debug|Any CPU
		{E9BC81EE-7089-4338-B5CD-589D4A8FFB90}.Release|Any CPU.ActiveCfg = Release|Any CPU
		{E9BC81EE-7089-4338-B5CD-589D4A8FFB90}.Release|Any CPU.Build.0 = Release|Any CPU
	EndGlobalSection
	GlobalSection(SolutionProperties) = preSolution
		HideSolutionNode = FALSE
	EndGlobalSection
EndGlobal
